
Microsoft Visual Studio Solution File, Format Version 12.00
# Visual Studio 15
VisualStudioVersion = 15.0.28307.1062
MinimumVisualStudioVersion = 10.0.40219.1
Project("{8BC9CEB8-8B4A-11D0-8D11-00A0C91BC942}") = "FSM", "FSM\FSM.vcxproj", "{55C3133D-8382-4743-B278-21E9FB2345CA}"
EndProject
Global
	GlobalSection(SolutionConfigurationPlatforms) = preSolution
		Debug|x64 = Debug|x64
		Debug|x86 = Debug|x86
		Release|x64 = Release|x64
		Release|x86 = Release|x86
	EndGlobalSection
	GlobalSection(ProjectConfigurationPlatforms) = postSolution
		{55C3133D-8382-4743-B278-21E9FB2345CA}.Debug|x64.ActiveCfg = Debug|x64
		{55C3133D-8382-4743-B278-21E9FB2345CA}.Debug|x64.Build.0 = Debug|x64
		{55C3133D-8382-4743-B278-21E9FB2345CA}.Debug|x86.ActiveCfg = Debug|Win32
		{55C3133D-8382-4743-B278-21E9FB2345CA}.Debug|x86.Build.0 = Debug|Win32
		{55C3133D-8382-4743-B278-21E9FB2345CA}.Release|x64.ActiveCfg = Release|x64
		{55C3133D-8382-4743-B278-21E9FB2345CA}.Release|x64.Build.0 = Release|x64
		{55C3133D-8382-4743-B278-21E9FB2345CA}.Release|x86.ActiveCfg = Release|Win32
		{55C3133D-8382-4743-B278-21E9FB2345CA}.Release|x86.Build.0 = Release|Win32
	EndGlobalSection
	GlobalSection(SolutionProperties) = preSolution
		HideSolutionNode = FALSE
	EndGlobalSection
	GlobalSection(ExtensibilityGlobals) = postSolution
		SolutionGuid = {A1F76F92-F014-422E-A49E-9418588E3DAF}
	EndGlobalSection
EndGlobal
